
Microsoft Visual Studio Solution File, Format Version 12.00
# Visual Studio Version 17
VisualStudioVersion = 17.6.33829.357
MinimumVisualStudioVersion = 10.0.40219.1
Project("{FAE04EC0-301F-11D3-BF4B-00C04F79EFBC}") = "QuanLyRaVao", "QuanLyRaVao.csproj", "{37EA4EE1-4F66-45AA-A9BA-6E0EB08844D6}"
EndProject
Global
	GlobalSection(SolutionConfigurationPlatforms) = preSolution
		Debug|Any CPU = Debug|Any CPU
		Release|Any CPU = Release|Any CPU
	EndGlobalSection
	GlobalSection(ProjectConfigurationPlatforms) = postSolution
		{37EA4EE1-4F66-45AA-A9BA-6E0EB08844D6}.Debug|Any CPU.ActiveCfg = Debug|Any CPU
		{37EA4EE1-4F66-45AA-A9BA-6E0EB08844D6}.Debug|Any CPU.Build.0 = Debug|Any CPU
		{37EA4EE1-4F66-45AA-A9BA-6E0EB08844D6}.Release|Any CPU.ActiveCfg = Release|Any CPU
		{37EA4EE1-4F66-45AA-A9BA-6E0EB08844D6}.Release|Any CPU.Build.0 = Release|Any CPU
	EndGlobalSection
	GlobalSection(SolutionProperties) = preSolution
		HideSolutionNode = FALSE
	EndGlobalSection
	GlobalSection(ExtensibilityGlobals) = postSolution
		SolutionGuid = {1CBE0DFB-CF72-4A77-84D7-17417E01F9B8}
	EndGlobalSection
EndGlobal
